
Microsoft Visual Studio Solution File, Format Version 12.00
# Visual Studio Version 17
VisualStudioVersion = 17.0.32002.185
MinimumVisualStudioVersion = 10.0.40219.1
Project("{FAE04EC0-301F-11D3-BF4B-00C04F79EFBC}") = "BookAPI", "BookAPI.csproj", "{8AF79954-FCBA-4209-B296-0DB2F4A0E0AF}"
EndProject
Project("{2150E333-8FDC-42A3-9474-1A3956D46DE8}") = "Solution Items", "Solution Items", "{B47ED716-79A7-4736-846C-DF86D2DCC99F}"
	ProjectSection(SolutionItems) = preProject
		.editorconfig = .editorconfig
	EndProjectSection
EndProject
Global
	GlobalSection(SolutionConfigurationPlatforms) = preSolution
		Debug|Any CPU = Debug|Any CPU
		Release|Any CPU = Release|Any CPU
	EndGlobalSection
	GlobalSection(ProjectConfigurationPlatforms) = postSolution
		{8AF79954-FCBA-4209-B296-0DB2F4A0E0AF}.Debug|Any CPU.ActiveCfg = Debug|Any CPU
		{8AF79954-FCBA-4209-B296-0DB2F4A0E0AF}.Debug|Any CPU.Build.0 = Debug|Any CPU
		{8AF79954-FCBA-4209-B296-0DB2F4A0E0AF}.Release|Any CPU.ActiveCfg = Release|Any CPU
		{8AF79954-FCBA-4209-B296-0DB2F4A0E0AF}.Release|Any CPU.Build.0 = Release|Any CPU
	EndGlobalSection
	GlobalSection(SolutionProperties) = preSolution
		HideSolutionNode = FALSE
	EndGlobalSection
	GlobalSection(ExtensibilityGlobals) = postSolution
		SolutionGuid = {41549565-73FE-4960-A7DB-B4C9AA27E884}
	EndGlobalSection
EndGlobal
